
Microsoft Visual Studio Solution File, Format Version 12.00
# Visual Studio Version 16
VisualStudioVersion = 16.0.29709.97
MinimumVisualStudioVersion = 10.0.40219.1
Project("{2150E333-8FDC-42A3-9474-1A3956D46DE8}") = "Foundation", "Foundation", "{B112CD00-250E-4AEB-9AE1-27B296CB0979}"
EndProject
Project("{2150E333-8FDC-42A3-9474-1A3956D46DE8}") = "Serialization", "Serialization", "{68C70271-456E-4510-811F-02263E9EA95E}"
EndProject
Project("{FAE04EC0-301F-11D3-BF4B-00C04F79EFBC}") = "SitecoreHackathon.Foundation.Serialization", "src\Foundation\Serialization\code\SitecoreHackathon.Foundation.Serialization.csproj", "{80D2E329-7D52-4C00-8E92-A196929BD15A}"
EndProject
Project("{2150E333-8FDC-42A3-9474-1A3956D46DE8}") = "Project", "Project", "{325D6B94-059B-4566-A548-44827D530313}"
EndProject
Project("{2150E333-8FDC-42A3-9474-1A3956D46DE8}") = "Common", "Common", "{C4C6C4D2-B1E8-4A7B-A3C0-D7DBAAFD7804}"
EndProject
Project("{FAE04EC0-301F-11D3-BF4B-00C04F79EFBC}") = "SitecoreHackathon.Project.Common", "src\Project\Common\SitecoreHackathon.Project.Common\SitecoreHackathon.Project.Common.csproj", "{6BA4E8C1-7D75-48A2-8385-AB54C2A37BFF}"
EndProject
Project("{2150E333-8FDC-42A3-9474-1A3956D46DE8}") = "HackathonSite", "HackathonSite", "{A62888FE-4009-4F37-A549-CDE6332DC680}"
EndProject
Project("{FAE04EC0-301F-11D3-BF4B-00C04F79EFBC}") = "SitecoreHackathon.Project.HackathonSite", "src\Project\HackathonSite\SitecoreHackathon.Project.HackathonSite\SitecoreHackathon.Project.HackathonSite.csproj", "{2BB0380E-18B5-4395-BEC9-7E03018B4505}"
EndProject
Project("{2150E333-8FDC-42A3-9474-1A3956D46DE8}") = "Feature", "Feature", "{24F7C6FE-0EB1-4100-ADE8-5DB150CDE770}"
EndProject
Project("{2150E333-8FDC-42A3-9474-1A3956D46DE8}") = "PageContent", "PageContent", "{25C465D4-D99B-4A1B-BE13-55C0D650A453}"
EndProject
Project("{FAE04EC0-301F-11D3-BF4B-00C04F79EFBC}") = "SitecoreHackathon.Feature.PageContent", "src\Feature\PageContent\code\SitecoreHackathon.Feature.PageContent.csproj", "{C26FF6F1-FF3D-4AAA-A24B-EC99AF54459C}"
EndProject
Project("{2150E333-8FDC-42A3-9474-1A3956D46DE8}") = "Containers", "Containers", "{15155C34-6DD2-45D4-8A23-F0CD689C1C5B}"
EndProject
Project("{FAE04EC0-301F-11D3-BF4B-00C04F79EFBC}") = "SitecoreHackathon.Feature.Containers", "src\Feature\Containers\code\SitecoreHackathon.Feature.Containers.csproj", "{19754188-628B-41DB-8AB1-E290C8373C2B}"
EndProject
Project("{2150E333-8FDC-42A3-9474-1A3956D46DE8}") = "RichText", "RichText", "{A05EA644-879B-4696-B87A-65D3637E59EA}"
EndProject
Project("{FAE04EC0-301F-11D3-BF4B-00C04F79EFBC}") = "SitecoreHackathon.Feature.RichText", "src\Feature\RichText\code\SitecoreHackathon.Feature.RichText.csproj", "{F21E611F-A351-4687-A9FA-29B40E1584FC}"
EndProject
Project("{2150E333-8FDC-42A3-9474-1A3956D46DE8}") = "Global", "Global", "{30B1C978-1B85-4438-A5D7-1CF1E3682F35}"
EndProject
Project("{FAE04EC0-301F-11D3-BF4B-00C04F79EFBC}") = "SitecoreHackathon.Feature.Global", "src\Feature\Global\code\SitecoreHackathon.Feature.Global.csproj", "{1EA0085E-85FE-4726-9D8C-346A86DAC28E}"
EndProject
Project("{2150E333-8FDC-42A3-9474-1A3956D46DE8}") = "Participants", "Participants", "{EC21C32A-35ED-4AD2-99F8-D549B9499725}"
EndProject
Project("{FAE04EC0-301F-11D3-BF4B-00C04F79EFBC}") = "SitecoreHackathon.Feature.Participants", "src\Feature\Participants\code\SitecoreHackathon.Feature.Participants.csproj", "{5B74C099-9528-48BA-ADAE-785708014685}"
EndProject
Project("{2150E333-8FDC-42A3-9474-1A3956D46DE8}") = "Winners", "Winners", "{1DF93EFD-D336-474A-9C05-0BA2188E1931}"
EndProject
Project("{FAE04EC0-301F-11D3-BF4B-00C04F79EFBC}") = "SitecoreHackathon.Feature.Winners", "src\Feature\Winners\code\SitecoreHackathon.Feature.Winners.csproj", "{7CE1A8F4-2138-4538-B058-DFE2D12A8395}"
EndProject
Project("{2150E333-8FDC-42A3-9474-1A3956D46DE8}") = "Banners", "Banners", "{2296C562-B97E-455B-98E7-D5F732725875}"
EndProject
Project("{FAE04EC0-301F-11D3-BF4B-00C04F79EFBC}") = "SitecoreHackathon.Feature.Banners", "src\Feature\Banners\code\SitecoreHackathon.Feature.Banners.csproj", "{C7679B1C-FCF4-4A03-984A-EB9B52DA4B47}"
EndProject
Global
	GlobalSection(SolutionConfigurationPlatforms) = preSolution
		Debug|Any CPU = Debug|Any CPU
		Release|Any CPU = Release|Any CPU
	EndGlobalSection
	GlobalSection(ProjectConfigurationPlatforms) = postSolution
		{80D2E329-7D52-4C00-8E92-A196929BD15A}.Debug|Any CPU.ActiveCfg = Debug|Any CPU
		{80D2E329-7D52-4C00-8E92-A196929BD15A}.Debug|Any CPU.Build.0 = Debug|Any CPU
		{80D2E329-7D52-4C00-8E92-A196929BD15A}.Release|Any CPU.ActiveCfg = Release|Any CPU
		{80D2E329-7D52-4C00-8E92-A196929BD15A}.Release|Any CPU.Build.0 = Release|Any CPU
		{6BA4E8C1-7D75-48A2-8385-AB54C2A37BFF}.Debug|Any CPU.ActiveCfg = Debug|Any CPU
		{6BA4E8C1-7D75-48A2-8385-AB54C2A37BFF}.Debug|Any CPU.Build.0 = Debug|Any CPU
		{6BA4E8C1-7D75-48A2-8385-AB54C2A37BFF}.Release|Any CPU.ActiveCfg = Release|Any CPU
		{6BA4E8C1-7D75-48A2-8385-AB54C2A37BFF}.Release|Any CPU.Build.0 = Release|Any CPU
		{2BB0380E-18B5-4395-BEC9-7E03018B4505}.Debug|Any CPU.ActiveCfg = Debug|Any CPU
		{2BB0380E-18B5-4395-BEC9-7E03018B4505}.Debug|Any CPU.Build.0 = Debug|Any CPU
		{2BB0380E-18B5-4395-BEC9-7E03018B4505}.Release|Any CPU.ActiveCfg = Release|Any CPU
		{2BB0380E-18B5-4395-BEC9-7E03018B4505}.Release|Any CPU.Build.0 = Release|Any CPU
		{C26FF6F1-FF3D-4AAA-A24B-EC99AF54459C}.Debug|Any CPU.ActiveCfg = Debug|Any CPU
		{C26FF6F1-FF3D-4AAA-A24B-EC99AF54459C}.Debug|Any CPU.Build.0 = Debug|Any CPU
		{C26FF6F1-FF3D-4AAA-A24B-EC99AF54459C}.Release|Any CPU.ActiveCfg = Release|Any CPU
		{C26FF6F1-FF3D-4AAA-A24B-EC99AF54459C}.Release|Any CPU.Build.0 = Release|Any CPU
		{19754188-628B-41DB-8AB1-E290C8373C2B}.Debug|Any CPU.ActiveCfg = Debug|Any CPU
		{19754188-628B-41DB-8AB1-E290C8373C2B}.Debug|Any CPU.Build.0 = Debug|Any CPU
		{19754188-628B-41DB-8AB1-E290C8373C2B}.Release|Any CPU.ActiveCfg = Release|Any CPU
		{19754188-628B-41DB-8AB1-E290C8373C2B}.Release|Any CPU.Build.0 = Release|Any CPU
		{F21E611F-A351-4687-A9FA-29B40E1584FC}.Debug|Any CPU.ActiveCfg = Debug|Any CPU
		{F21E611F-A351-4687-A9FA-29B40E1584FC}.Debug|Any CPU.Build.0 = Debug|Any CPU
		{F21E611F-A351-4687-A9FA-29B40E1584FC}.Release|Any CPU.ActiveCfg = Release|Any CPU
		{F21E611F-A351-4687-A9FA-29B40E1584FC}.Release|Any CPU.Build.0 = Release|Any CPU
		{1EA0085E-85FE-4726-9D8C-346A86DAC28E}.Debug|Any CPU.ActiveCfg = Debug|Any CPU
		{1EA0085E-85FE-4726-9D8C-346A86DAC28E}.Debug|Any CPU.Build.0 = Debug|Any CPU
		{1EA0085E-85FE-4726-9D8C-346A86DAC28E}.Release|Any CPU.ActiveCfg = Release|Any CPU
		{1EA0085E-85FE-4726-9D8C-346A86DAC28E}.Release|Any CPU.Build.0 = Release|Any CPU
		{5B74C099-9528-48BA-ADAE-785708014685}.Debug|Any CPU.ActiveCfg = Debug|Any CPU
		{5B74C099-9528-48BA-ADAE-785708014685}.Debug|Any CPU.Build.0 = Debug|Any CPU
		{5B74C099-9528-48BA-ADAE-785708014685}.Release|Any CPU.ActiveCfg = Release|Any CPU
		{5B74C099-9528-48BA-ADAE-785708014685}.Release|Any CPU.Build.0 = Release|Any CPU
		{7CE1A8F4-2138-4538-B058-DFE2D12A8395}.Debug|Any CPU.ActiveCfg = Debug|Any CPU
		{7CE1A8F4-2138-4538-B058-DFE2D12A8395}.Debug|Any CPU.Build.0 = Debug|Any CPU
		{7CE1A8F4-2138-4538-B058-DFE2D12A8395}.Release|Any CPU.ActiveCfg = Release|Any CPU
		{7CE1A8F4-2138-4538-B058-DFE2D12A8395}.Release|Any CPU.Build.0 = Release|Any CPU
		{C7679B1C-FCF4-4A03-984A-EB9B52DA4B47}.Debug|Any CPU.ActiveCfg = Debug|Any CPU
		{C7679B1C-FCF4-4A03-984A-EB9B52DA4B47}.Debug|Any CPU.Build.0 = Debug|Any CPU
		{C7679B1C-FCF4-4A03-984A-EB9B52DA4B47}.Release|Any CPU.ActiveCfg = Release|Any CPU
		{C7679B1C-FCF4-4A03-984A-EB9B52DA4B47}.Release|Any CPU.Build.0 = Release|Any CPU
	EndGlobalSection
	GlobalSection(SolutionProperties) = preSolution
		HideSolutionNode = FALSE
	EndGlobalSection
	GlobalSection(NestedProjects) = preSolution
		{68C70271-456E-4510-811F-02263E9EA95E} = {B112CD00-250E-4AEB-9AE1-27B296CB0979}
		{80D2E329-7D52-4C00-8E92-A196929BD15A} = {68C70271-456E-4510-811F-02263E9EA95E}
		{C4C6C4D2-B1E8-4A7B-A3C0-D7DBAAFD7804} = {325D6B94-059B-4566-A548-44827D530313}
		{6BA4E8C1-7D75-48A2-8385-AB54C2A37BFF} = {C4C6C4D2-B1E8-4A7B-A3C0-D7DBAAFD7804}
		{A62888FE-4009-4F37-A549-CDE6332DC680} = {325D6B94-059B-4566-A548-44827D530313}
		{2BB0380E-18B5-4395-BEC9-7E03018B4505} = {A62888FE-4009-4F37-A549-CDE6332DC680}
		{25C465D4-D99B-4A1B-BE13-55C0D650A453} = {24F7C6FE-0EB1-4100-ADE8-5DB150CDE770}
		{C26FF6F1-FF3D-4AAA-A24B-EC99AF54459C} = {25C465D4-D99B-4A1B-BE13-55C0D650A453}
		{15155C34-6DD2-45D4-8A23-F0CD689C1C5B} = {24F7C6FE-0EB1-4100-ADE8-5DB150CDE770}
		{19754188-628B-41DB-8AB1-E290C8373C2B} = {15155C34-6DD2-45D4-8A23-F0CD689C1C5B}
		{A05EA644-879B-4696-B87A-65D3637E59EA} = {24F7C6FE-0EB1-4100-ADE8-5DB150CDE770}
		{F21E611F-A351-4687-A9FA-29B40E1584FC} = {A05EA644-879B-4696-B87A-65D3637E59EA}
		{30B1C978-1B85-4438-A5D7-1CF1E3682F35} = {24F7C6FE-0EB1-4100-ADE8-5DB150CDE770}
		{1EA0085E-85FE-4726-9D8C-346A86DAC28E} = {30B1C978-1B85-4438-A5D7-1CF1E3682F35}
		{EC21C32A-35ED-4AD2-99F8-D549B9499725} = {24F7C6FE-0EB1-4100-ADE8-5DB150CDE770}
		{5B74C099-9528-48BA-ADAE-785708014685} = {EC21C32A-35ED-4AD2-99F8-D549B9499725}
		{1DF93EFD-D336-474A-9C05-0BA2188E1931} = {24F7C6FE-0EB1-4100-ADE8-5DB150CDE770}
		{7CE1A8F4-2138-4538-B058-DFE2D12A8395} = {1DF93EFD-D336-474A-9C05-0BA2188E1931}
		{2296C562-B97E-455B-98E7-D5F732725875} = {24F7C6FE-0EB1-4100-ADE8-5DB150CDE770}
		{C7679B1C-FCF4-4A03-984A-EB9B52DA4B47} = {2296C562-B97E-455B-98E7-D5F732725875}
	EndGlobalSection
	GlobalSection(ExtensibilityGlobals) = postSolution
		SolutionGuid = {BBD948B6-C07B-4046-A6A8-ED0A56740E22}
	EndGlobalSection
EndGlobal
